
Microsoft Visual Studio Solution File, Format Version 12.00
# Visual Studio Version 17
VisualStudioVersion = 17.0.31903.59
MinimumVisualStudioVersion = 10.0.40219.1
Project("{2150E333-8FDC-42A3-9474-1A3956D46DE8}") = "Backend", "Backend", "{635F4A04-52D1-49A3-8EFD-C6E80CAD31B8}"
EndProject
Project("{FAE04EC0-301F-11D3-BF4B-00C04F79EFBC}") = "Zzzaikin.MedicinesAtHome.DataService", "Zzzaikin.MedicinesAtHome.DataService\Zzzaikin.MedicinesAtHome.DataService.csproj", "{FC0A05C8-6168-475A-8975-852FBE6775F4}"
EndProject
Project("{FAE04EC0-301F-11D3-BF4B-00C04F79EFBC}") = "Zzzaikin.MedicinesAtHome.Models", "Zzzaikin.MedicinesAtHome.Models\Zzzaikin.MedicinesAtHome.Models.csproj", "{77F2907A-B198-4FB5-A801-E69241F25F88}"
EndProject
Project("{FAE04EC0-301F-11D3-BF4B-00C04F79EFBC}") = "Zzzaikin.MedicinesAtHome.Integration", "Zzzaikin.MedicinesAtHome.Integration\Zzzaikin.MedicinesAtHome.Integration.csproj", "{8EF5134A-41C0-4AA7-863A-FB6D6C7C3764}"
EndProject
Global
	GlobalSection(SolutionConfigurationPlatforms) = preSolution
		Debug|Any CPU = Debug|Any CPU
		Release|Any CPU = Release|Any CPU
	EndGlobalSection
	GlobalSection(ProjectConfigurationPlatforms) = postSolution
		{FC0A05C8-6168-475A-8975-852FBE6775F4}.Debug|Any CPU.ActiveCfg = Debug|Any CPU
		{FC0A05C8-6168-475A-8975-852FBE6775F4}.Debug|Any CPU.Build.0 = Debug|Any CPU
		{FC0A05C8-6168-475A-8975-852FBE6775F4}.Release|Any CPU.ActiveCfg = Release|Any CPU
		{FC0A05C8-6168-475A-8975-852FBE6775F4}.Release|Any CPU.Build.0 = Release|Any CPU
		{77F2907A-B198-4FB5-A801-E69241F25F88}.Debug|Any CPU.ActiveCfg = Debug|Any CPU
		{77F2907A-B198-4FB5-A801-E69241F25F88}.Debug|Any CPU.Build.0 = Debug|Any CPU
		{77F2907A-B198-4FB5-A801-E69241F25F88}.Release|Any CPU.ActiveCfg = Release|Any CPU
		{77F2907A-B198-4FB5-A801-E69241F25F88}.Release|Any CPU.Build.0 = Release|Any CPU
		{8EF5134A-41C0-4AA7-863A-FB6D6C7C3764}.Debug|Any CPU.ActiveCfg = Debug|Any CPU
		{8EF5134A-41C0-4AA7-863A-FB6D6C7C3764}.Debug|Any CPU.Build.0 = Debug|Any CPU
		{8EF5134A-41C0-4AA7-863A-FB6D6C7C3764}.Release|Any CPU.ActiveCfg = Release|Any CPU
		{8EF5134A-41C0-4AA7-863A-FB6D6C7C3764}.Release|Any CPU.Build.0 = Release|Any CPU
	EndGlobalSection
	GlobalSection(SolutionProperties) = preSolution
		HideSolutionNode = FALSE
	EndGlobalSection
	GlobalSection(NestedProjects) = preSolution
		{FC0A05C8-6168-475A-8975-852FBE6775F4} = {635F4A04-52D1-49A3-8EFD-C6E80CAD31B8}
		{77F2907A-B198-4FB5-A801-E69241F25F88} = {635F4A04-52D1-49A3-8EFD-C6E80CAD31B8}
		{8EF5134A-41C0-4AA7-863A-FB6D6C7C3764} = {635F4A04-52D1-49A3-8EFD-C6E80CAD31B8}
	EndGlobalSection
EndGlobal
